
Microsoft Visual Studio Solution File, Format Version 12.00
# Visual Studio Version 17
VisualStudioVersion = 17.6.33723.286
MinimumVisualStudioVersion = 10.0.40219.1
Project("{9A19103F-16F7-4668-BE54-9A1E7A4F7556}") = "ParkingPlaceEventHandler", "ParkingPlaceEventHandler\ParkingPlaceEventHandler.csproj", "{F4E90556-DD92-4739-BBFD-D5A34DDD30BD}"
EndProject
Project("{FAE04EC0-301F-11D3-BF4B-00C04F79EFBC}") = "ParkingPlaceAzureFunctions", "ParkingPlaceAzureFunctions\ParkingPlaceAzureFunctions.csproj", "{339E5FA3-FB81-4271-9BC8-B101591F93A5}"
EndProject
Project("{FAE04EC0-301F-11D3-BF4B-00C04F79EFBC}") = "ParkingPlaceEventHandler.Services", "ParkingPlaceEventHandler.Services\ParkingPlaceEventHandler.Services.csproj", "{49A30D9C-32A7-47AD-92C9-18982BAC82D3}"
EndProject
Global
	GlobalSection(SolutionConfigurationPlatforms) = preSolution
		Debug|Any CPU = Debug|Any CPU
		Release|Any CPU = Release|Any CPU
	EndGlobalSection
	GlobalSection(ProjectConfigurationPlatforms) = postSolution
		{F4E90556-DD92-4739-BBFD-D5A34DDD30BD}.Debug|Any CPU.ActiveCfg = Debug|Any CPU
		{F4E90556-DD92-4739-BBFD-D5A34DDD30BD}.Debug|Any CPU.Build.0 = Debug|Any CPU
		{F4E90556-DD92-4739-BBFD-D5A34DDD30BD}.Release|Any CPU.ActiveCfg = Release|Any CPU
		{F4E90556-DD92-4739-BBFD-D5A34DDD30BD}.Release|Any CPU.Build.0 = Release|Any CPU
		{339E5FA3-FB81-4271-9BC8-B101591F93A5}.Debug|Any CPU.ActiveCfg = Debug|Any CPU
		{339E5FA3-FB81-4271-9BC8-B101591F93A5}.Debug|Any CPU.Build.0 = Debug|Any CPU
		{339E5FA3-FB81-4271-9BC8-B101591F93A5}.Release|Any CPU.ActiveCfg = Release|Any CPU
		{339E5FA3-FB81-4271-9BC8-B101591F93A5}.Release|Any CPU.Build.0 = Release|Any CPU
		{49A30D9C-32A7-47AD-92C9-18982BAC82D3}.Debug|Any CPU.ActiveCfg = Debug|Any CPU
		{49A30D9C-32A7-47AD-92C9-18982BAC82D3}.Debug|Any CPU.Build.0 = Debug|Any CPU
		{49A30D9C-32A7-47AD-92C9-18982BAC82D3}.Release|Any CPU.ActiveCfg = Release|Any CPU
		{49A30D9C-32A7-47AD-92C9-18982BAC82D3}.Release|Any CPU.Build.0 = Release|Any CPU
	EndGlobalSection
	GlobalSection(SolutionProperties) = preSolution
		HideSolutionNode = FALSE
	EndGlobalSection
	GlobalSection(ExtensibilityGlobals) = postSolution
		SolutionGuid = {A223F81E-D52E-41A0-A9AB-E9238CCF49CB}
	EndGlobalSection
EndGlobal
